
Microsoft Visual Studio Solution File, Format Version 12.00
# Visual Studio Version 17
VisualStudioVersion = 17.5.002.0
MinimumVisualStudioVersion = 10.0.40219.1
Project("{9A19103F-16F7-4668-BE54-9A1E7A4F7556}") = "hariSeminggu", "hariSeminggu.csproj", "{ECB4871E-5AF4-4EA5-84FC-AF5FF8A96FFD}"
EndProject
Global
	GlobalSection(SolutionConfigurationPlatforms) = preSolution
		Debug|Any CPU = Debug|Any CPU
		Release|Any CPU = Release|Any CPU
	EndGlobalSection
	GlobalSection(ProjectConfigurationPlatforms) = postSolution
		{ECB4871E-5AF4-4EA5-84FC-AF5FF8A96FFD}.Debug|Any CPU.ActiveCfg = Debug|Any CPU
		{ECB4871E-5AF4-4EA5-84FC-AF5FF8A96FFD}.Debug|Any CPU.Build.0 = Debug|Any CPU
		{ECB4871E-5AF4-4EA5-84FC-AF5FF8A96FFD}.Release|Any CPU.ActiveCfg = Release|Any CPU
		{ECB4871E-5AF4-4EA5-84FC-AF5FF8A96FFD}.Release|Any CPU.Build.0 = Release|Any CPU
	EndGlobalSection
	GlobalSection(SolutionProperties) = preSolution
		HideSolutionNode = FALSE
	EndGlobalSection
	GlobalSection(ExtensibilityGlobals) = postSolution
		SolutionGuid = {9E9B2860-1EC8-4514-8B01-FD0791FA9D87}
	EndGlobalSection
EndGlobal
