
Microsoft Visual Studio Solution File, Format Version 12.00
# Visual Studio Version 17
VisualStudioVersion = 17.5.002.0
MinimumVisualStudioVersion = 10.0.40219.1
Project("{9A19103F-16F7-4668-BE54-9A1E7A4F7556}") = "ibuKota", "ibuKota.csproj", "{CE6F8EB2-3E3D-42DA-B133-76DA2183842E}"
EndProject
Global
	GlobalSection(SolutionConfigurationPlatforms) = preSolution
		Debug|Any CPU = Debug|Any CPU
		Release|Any CPU = Release|Any CPU
	EndGlobalSection
	GlobalSection(ProjectConfigurationPlatforms) = postSolution
		{CE6F8EB2-3E3D-42DA-B133-76DA2183842E}.Debug|Any CPU.ActiveCfg = Debug|Any CPU
		{CE6F8EB2-3E3D-42DA-B133-76DA2183842E}.Debug|Any CPU.Build.0 = Debug|Any CPU
		{CE6F8EB2-3E3D-42DA-B133-76DA2183842E}.Release|Any CPU.ActiveCfg = Release|Any CPU
		{CE6F8EB2-3E3D-42DA-B133-76DA2183842E}.Release|Any CPU.Build.0 = Release|Any CPU
	EndGlobalSection
	GlobalSection(SolutionProperties) = preSolution
		HideSolutionNode = FALSE
	EndGlobalSection
	GlobalSection(ExtensibilityGlobals) = postSolution
		SolutionGuid = {0C09E3EE-52EB-4CBC-86C6-E8E677BD0C35}
	EndGlobalSection
EndGlobal
